{
  "version": 4,
  "terraform_version": "1.14.6",
  "serial": 176,
  "lineage": "41c52183-a1f4-41cf-a310-227e787338de",
  "outputs": {},
  "resources": [
    {
      "module": "module.NetInfra",
      "mode": "managed",
      "type": "aws_internet_gateway",
      "name": "igw",
      "provider": "provider[\"registry.terraform.io/hashicorp/aws\"]",
      "instances": [
        {
          "schema_version": 0,
          "attributes": {
            "arn": "arn:aws:ec2:us-east-1:519956516642:internet-gateway/igw-025b81bc18931a350",
            "id": "igw-025b81bc18931a350",
            "owner_id": "519956516642",
            "region": "us-east-1",
            "tags": {
              "Name": "IGW"
            },
            "tags_all": {
              "Name": "IGW"
            },
            "timeouts": null,
            "vpc_id": "vpc-08d5c95cd81afe5db"
          },
          "sensitive_attributes": [],
          "identity_schema_version": 0,
          "private": "eyJlMmJmYjczMC1lY2FhLTExZTYtOGY4OC0zNDM2M2JjN2M0YzAiOnsiY3JlYXRlIjoxMjAwMDAwMDAwMDAwLCJkZWxldGUiOjEyMDAwMDAwMDAwMDAsInVwZGF0ZSI6MTIwMDAwMDAwMDAwMH19",
          "dependencies": [
            "module.NetInfra.aws_vpc.web_app"
          ]
        }
      ]
    },
    {
      "module": "module.NetInfra",
      "mode": "managed",
      "type": "aws_route_table",
      "name": "public_route_table",
      "provider": "provider[\"registry.terraform.io/hashicorp/aws\"]",
      "instances": [
        {
          "schema_version": 0,
          "attributes": {
            "arn": "arn:aws:ec2:us-east-1:519956516642:route-table/rtb-0ed4ce5de02f5bd43",
            "id": "rtb-0ed4ce5de02f5bd43",
            "owner_id": "519956516642",
            "propagating_vgws": [],
            "region": "us-east-1",
            "route": [
              {
                "carrier_gateway_id": "",
                "cidr_block": "0.0.0.0/0",
                "core_network_arn": "",
                "destination_prefix_list_id": "",
                "egress_only_gateway_id": "",
                "gateway_id": "igw-025b81bc18931a350",
                "ipv6_cidr_block": "",
                "local_gateway_id": "",
                "nat_gateway_id": "",
                "network_interface_id": "",
                "transit_gateway_id": "",
                "vpc_endpoint_id": "",
                "vpc_peering_connection_id": ""
              }
            ],
            "tags": {
              "Name": "Public Route Table"
            },
            "tags_all": {
              "Name": "Public Route Table"
            },
            "timeouts": null,
            "vpc_id": "vpc-08d5c95cd81afe5db"
          },
          "sensitive_attributes": [],
          "identity_schema_version": 0,
          "identity": {
            "account_id": "519956516642",
            "id": "rtb-0ed4ce5de02f5bd43",
            "region": "us-east-1"
          },
          "private": "eyJlMmJmYjczMC1lY2FhLTExZTYtOGY4OC0zNDM2M2JjN2M0YzAiOnsiY3JlYXRlIjozMDAwMDAwMDAwMDAsImRlbGV0ZSI6MzAwMDAwMDAwMDAwLCJ1cGRhdGUiOjEyMDAwMDAwMDAwMH19",
          "dependencies": [
            "module.NetInfra.aws_internet_gateway.igw",
            "module.NetInfra.aws_vpc.web_app"
          ]
        }
      ]
    },
    {
      "module": "module.NetInfra",
      "mode": "managed",
      "type": "aws_route_table_association",
      "name": "public_assoc",
      "provider": "provider[\"registry.terraform.io/hashicorp/aws\"]",
      "instances": [
        {
          "schema_version": 0,
          "attributes": {
            "gateway_id": "",
            "id": "rtbassoc-0273d697b0b8cb00e",
            "region": "us-east-1",
            "route_table_id": "rtb-0ed4ce5de02f5bd43",
            "subnet_id": "subnet-0f9ae759cbd99f7b0",
            "timeouts": null
          },
          "sensitive_attributes": [],
          "identity_schema_version": 0,
          "private": "eyJlMmJmYjczMC1lY2FhLTExZTYtOGY4OC0zNDM2M2JjN2M0YzAiOnsiY3JlYXRlIjozMDAwMDAwMDAwMDAsImRlbGV0ZSI6MzAwMDAwMDAwMDAwLCJ1cGRhdGUiOjEyMDAwMDAwMDAwMH19",
          "dependencies": [
            "module.NetInfra.aws_internet_gateway.igw",
            "module.NetInfra.aws_route_table.public_route_table",
            "module.NetInfra.aws_subnet.public_subnet",
            "module.NetInfra.aws_vpc.web_app"
          ]
        }
      ]
    },
    {
      "module": "module.NetInfra",
      "mode": "managed",
      "type": "aws_subnet",
      "name": "public_subnet",
      "provider": "provider[\"registry.terraform.io/hashicorp/aws\"]",
      "instances": [
        {
          "schema_version": 1,
          "attributes": {
            "arn": "arn:aws:ec2:us-east-1:519956516642:subnet/subnet-0f9ae759cbd99f7b0",
            "assign_ipv6_address_on_creation": false,
            "availability_zone": "us-east-1e",
            "availability_zone_id": "use1-az3",
            "cidr_block": "10.0.1.0/24",
            "customer_owned_ipv4_pool": "",
            "enable_dns64": false,
            "enable_lni_at_device_index": 0,
            "enable_resource_name_dns_a_record_on_launch": false,
            "enable_resource_name_dns_aaaa_record_on_launch": false,
            "id": "subnet-0f9ae759cbd99f7b0",
            "ipv4_ipam_pool_id": null,
            "ipv4_netmask_length": null,
            "ipv6_cidr_block": "",
            "ipv6_cidr_block_association_id": "",
            "ipv6_ipam_pool_id": null,
            "ipv6_native": false,
            "ipv6_netmask_length": null,
            "map_customer_owned_ip_on_launch": false,
            "map_public_ip_on_launch": true,
            "outpost_arn": "",
            "owner_id": "519956516642",
            "private_dns_hostname_type_on_launch": "ip-name",
            "region": "us-east-1",
            "tags": {
              "Name": "Public Subnet"
            },
            "tags_all": {
              "Name": "Public Subnet"
            },
            "timeouts": null,
            "vpc_id": "vpc-08d5c95cd81afe5db"
          },
          "sensitive_attributes": [],
          "identity_schema_version": 0,
          "identity": {
            "account_id": "519956516642",
            "id": "subnet-0f9ae759cbd99f7b0",
            "region": "us-east-1"
          },
          "private": "eyJlMmJmYjczMC1lY2FhLTExZTYtOGY4OC0zNDM2M2JjN2M0YzAiOnsiY3JlYXRlIjo2MDAwMDAwMDAwMDAsImRlbGV0ZSI6MTIwMDAwMDAwMDAwMH0sInNjaGVtYV92ZXJzaW9uIjoiMSJ9",
          "dependencies": [
            "module.NetInfra.aws_vpc.web_app"
          ]
        }
      ]
    },
    {
      "module": "module.NetInfra",
      "mode": "managed",
      "type": "aws_vpc",
      "name": "web_app",
      "provider": "provider[\"registry.terraform.io/hashicorp/aws\"]",
      "instances": [
        {
          "schema_version": 1,
          "attributes": {
            "arn": "arn:aws:ec2:us-east-1:519956516642:vpc/vpc-08d5c95cd81afe5db",
            "assign_generated_ipv6_cidr_block": false,
            "cidr_block": "10.0.0.0/16",
            "default_network_acl_id": "acl-0ee0a1249ecc412a2",
            "default_route_table_id": "rtb-0f2597563a480c7a5",
            "default_security_group_id": "sg-00bbae4a38b7da2d5",
            "dhcp_options_id": "dopt-074a8a806319f88b4",
            "enable_dns_hostnames": true,
            "enable_dns_support": true,
            "enable_network_address_usage_metrics": false,
            "id": "vpc-08d5c95cd81afe5db",
            "instance_tenancy": "default",
            "ipv4_ipam_pool_id": null,
            "ipv4_netmask_length": null,
            "ipv6_association_id": "",
            "ipv6_cidr_block": "",
            "ipv6_cidr_block_network_border_group": "",
            "ipv6_ipam_pool_id": "",
            "ipv6_netmask_length": 0,
            "main_route_table_id": "rtb-0f2597563a480c7a5",
            "owner_id": "519956516642",
            "region": "us-east-1",
            "tags": {
              "Name": "VPC-Web-App"
            },
            "tags_all": {
              "Name": "VPC-Web-App"
            }
          },
          "sensitive_attributes": [],
          "identity_schema_version": 0,
          "identity": {
            "account_id": "519956516642",
            "id": "vpc-08d5c95cd81afe5db",
            "region": "us-east-1"
          },
          "private": "eyJzY2hlbWFfdmVyc2lvbiI6IjEifQ=="
        }
      ]
    },
    {
      "module": "module.WebAppsAndStorage",
      "mode": "managed",
      "type": "aws_efs_file_system",
      "name": "efs_resource",
      "provider": "provider[\"registry.terraform.io/hashicorp/aws\"]",
      "instances": [
        {
          "schema_version": 0,
          "attributes": {
            "arn": "arn:aws:elasticfilesystem:us-east-1:519956516642:file-system/fs-09ca5ca1ae6c17890",
            "availability_zone_id": "",
            "availability_zone_name": "",
            "creation_token": "my-efs",
            "dns_name": "fs-09ca5ca1ae6c17890.efs.us-east-1.amazonaws.com",
            "encrypted": false,
            "id": "fs-09ca5ca1ae6c17890",
            "kms_key_id": "",
            "lifecycle_policy": [],
            "name": "MyEFS",
            "number_of_mount_targets": 1,
            "owner_id": "519956516642",
            "performance_mode": "generalPurpose",
            "protection": [
              {
                "replication_overwrite": "ENABLED"
              }
            ],
            "provisioned_throughput_in_mibps": 0,
            "region": "us-east-1",
            "size_in_bytes": [
              {
                "value": 6144,
                "value_in_ia": 0,
                "value_in_standard": 6144
              }
            ],
            "tags": {
              "Name": "MyEFS"
            },
            "tags_all": {
              "Name": "MyEFS"
            },
            "throughput_mode": "bursting"
          },
          "sensitive_attributes": [],
          "identity_schema_version": 0,
          "private": "bnVsbA=="
        }
      ]
    },
    {
      "module": "module.WebAppsAndStorage",
      "mode": "managed",
      "type": "aws_efs_mount_target",
      "name": "mounting_point",
      "provider": "provider[\"registry.terraform.io/hashicorp/aws\"]",
      "instances": [
        {
          "schema_version": 0,
          "attributes": {
            "availability_zone_id": "use1-az3",
            "availability_zone_name": "us-east-1e",
            "dns_name": "fs-09ca5ca1ae6c17890.efs.us-east-1.amazonaws.com",
            "file_system_arn": "arn:aws:elasticfilesystem:us-east-1:519956516642:file-system/fs-09ca5ca1ae6c17890",
            "file_system_id": "fs-09ca5ca1ae6c17890",
            "id": "fsmt-07ace1b18a4752b31",
            "ip_address": "10.0.1.122",
            "ip_address_type": "IPV4_ONLY",
            "ipv6_address": "",
            "mount_target_dns_name": "us-east-1e.fs-09ca5ca1ae6c17890.efs.us-east-1.amazonaws.com",
            "network_interface_id": "eni-021b63b3717dff73d",
            "owner_id": "519956516642",
            "region": "us-east-1",
            "security_groups": [
              "sg-056f0249cf63e5e6d"
            ],
            "subnet_id": "subnet-0f9ae759cbd99f7b0",
            "timeouts": null
          },
          "sensitive_attributes": [],
          "identity_schema_version": 0,
          "private": "eyJlMmJmYjczMC1lY2FhLTExZTYtOGY4OC0zNDM2M2JjN2M0YzAiOnsiY3JlYXRlIjoxODAwMDAwMDAwMDAwLCJkZWxldGUiOjYwMDAwMDAwMDAwMH19",
          "dependencies": [
            "module.NetInfra.aws_subnet.public_subnet",
            "module.NetInfra.aws_vpc.web_app",
            "module.WebAppsAndStorage.aws_efs_file_system.efs_resource",
            "module.WebAppsAndStorage.aws_security_group.efs_sg",
            "module.WebAppsAndStorage.aws_security_group.web_servers_sg"
          ]
        }
      ]
    },
    {
      "module": "module.WebAppsAndStorage",
      "mode": "managed",
      "type": "aws_iam_instance_profile",
      "name": "ec2_profile",
      "provider": "provider[\"registry.terraform.io/hashicorp/aws\"]",
      "instances": [
        {
          "schema_version": 0,
          "attributes": {
            "arn": "arn:aws:iam::519956516642:instance-profile/ec2-s3-instance-profile",
            "create_date": "2026-03-24T20:34:11Z",
            "id": "ec2-s3-instance-profile",
            "name": "ec2-s3-instance-profile",
            "name_prefix": "",
            "path": "/",
            "role": "ec2-s3-access-role",
            "tags": {},
            "tags_all": {},
            "unique_id": "AIPAXSD6SZ4RDESOCVKQI"
          },
          "sensitive_attributes": [],
          "identity_schema_version": 0,
          "private": "bnVsbA==",
          "dependencies": [
            "module.WebAppsAndStorage.aws_iam_role.ec2_s3_access_role"
          ]
        }
      ]
    },
    {
      "module": "module.WebAppsAndStorage",
      "mode": "managed",
      "type": "aws_iam_role",
      "name": "ec2_s3_access_role",
      "provider": "provider[\"registry.terraform.io/hashicorp/aws\"]",
      "instances": [
        {
          "schema_version": 0,
          "attributes": {
            "arn": "arn:aws:iam::519956516642:role/ec2-s3-access-role",
            "assume_role_policy": "{\"Statement\":[{\"Action\":\"sts:AssumeRole\",\"Effect\":\"Allow\",\"Principal\":{\"Service\":\"ec2.amazonaws.com\"}}],\"Version\":\"2012-10-17\"}",
            "create_date": "2026-03-24T20:34:09Z",
            "description": "",
            "force_detach_policies": false,
            "id": "ec2-s3-access-role",
            "inline_policy": [],
            "managed_policy_arns": [
              "arn:aws:iam::aws:policy/AmazonS3ReadOnlyAccess"
            ],
            "max_session_duration": 3600,
            "name": "ec2-s3-access-role",
            "name_prefix": "",
            "path": "/",
            "permissions_boundary": "",
            "tags": {},
            "tags_all": {},
            "unique_id": "AROAXSD6SZ4REKFBOEKHJ"
          },
          "sensitive_attributes": [],
          "identity_schema_version": 0,
          "identity": {
            "account_id": "519956516642",
            "name": "ec2-s3-access-role"
          },
          "private": "bnVsbA=="
        }
      ]
    },
    {
      "module": "module.WebAppsAndStorage",
      "mode": "managed",
      "type": "aws_iam_role_policy_attachment",
      "name": "s3_readonly",
      "provider": "provider[\"registry.terraform.io/hashicorp/aws\"]",
      "instances": [
        {
          "schema_version": 0,
          "attributes": {
            "id": "ec2-s3-access-role/arn:aws:iam::aws:policy/AmazonS3ReadOnlyAccess",
            "policy_arn": "arn:aws:iam::aws:policy/AmazonS3ReadOnlyAccess",
            "role": "ec2-s3-access-role"
          },
          "sensitive_attributes": [],
          "identity_schema_version": 0,
          "identity": {
            "account_id": "519956516642",
            "policy_arn": "arn:aws:iam::aws:policy/AmazonS3ReadOnlyAccess",
            "role": "ec2-s3-access-role"
          },
          "private": "bnVsbA==",
          "dependencies": [
            "module.WebAppsAndStorage.aws_iam_role.ec2_s3_access_role"
          ]
        }
      ]
    },
    {
      "module": "module.WebAppsAndStorage",
      "mode": "managed",
      "type": "aws_instance",
      "name": "apache_server",
      "provider": "provider[\"registry.terraform.io/hashicorp/aws\"]",
      "instances": [
        {
          "schema_version": 2,
          "attributes": {
            "ami": "ami-0c101f26f147fa7fd",
            "arn": "arn:aws:ec2:us-east-1:519956516642:instance/i-0d3ba2b60e881bded",
            "associate_public_ip_address": true,
            "availability_zone": "us-east-1e",
            "capacity_reservation_specification": [
              {
                "capacity_reservation_preference": "open",
                "capacity_reservation_target": []
              }
            ],
            "cpu_options": [
              {
                "amd_sev_snp": "",
                "core_count": 1,
                "nested_virtualization": "",
                "threads_per_core": 1
              }
            ],
            "credit_specification": [
              {
                "cpu_credits": "standard"
              }
            ],
            "disable_api_stop": false,
            "disable_api_termination": false,
            "ebs_block_device": [],
            "ebs_optimized": false,
            "enable_primary_ipv6": null,
            "enclave_options": [
              {
                "enabled": false
              }
            ],
            "ephemeral_block_device": [],
            "force_destroy": false,
            "get_password_data": false,
            "hibernation": false,
            "host_id": "",
            "host_resource_group_arn": null,
            "iam_instance_profile": "ec2-s3-instance-profile",
            "id": "i-0d3ba2b60e881bded",
            "instance_initiated_shutdown_behavior": "stop",
            "instance_lifecycle": "",
            "instance_market_options": [],
            "instance_state": "running",
            "instance_type": "t2.micro",
            "ipv6_address_count": 0,
            "ipv6_addresses": [],
            "key_name": "",
            "launch_template": [],
            "maintenance_options": [
              {
                "auto_recovery": "default"
              }
            ],
            "metadata_options": [
              {
                "http_endpoint": "enabled",
                "http_protocol_ipv6": "disabled",
                "http_put_response_hop_limit": 2,
                "http_tokens": "required",
                "instance_metadata_tags": "disabled"
              }
            ],
            "monitoring": false,
            "network_interface": [],
            "outpost_arn": "",
            "password_data": "",
            "placement_group": "",
            "placement_group_id": "",
            "placement_partition_number": 0,
            "primary_network_interface": [
              {
                "delete_on_termination": true,
                "network_interface_id": "eni-093c07b4b6da76499"
              }
            ],
            "primary_network_interface_id": "eni-093c07b4b6da76499",
            "private_dns": "ip-10-0-1-103.ec2.internal",
            "private_dns_name_options": [
              {
                "enable_resource_name_dns_a_record": false,
                "enable_resource_name_dns_aaaa_record": false,
                "hostname_type": "ip-name"
              }
            ],
            "private_ip": "10.0.1.103",
            "public_dns": "ec2-54-227-198-50.compute-1.amazonaws.com",
            "public_ip": "54.227.198.50",
            "region": "us-east-1",
            "root_block_device": [
              {
                "delete_on_termination": true,
                "device_name": "/dev/xvda",
                "encrypted": false,
                "iops": 3000,
                "kms_key_id": "",
                "tags": {},
                "tags_all": {},
                "throughput": 125,
                "volume_id": "vol-0bd1dc3a5e0229f93",
                "volume_size": 8,
                "volume_type": "gp3"
              }
            ],
            "secondary_network_interface": [],
            "secondary_private_ips": [],
            "security_groups": [],
            "source_dest_check": true,
            "spot_instance_request_id": "",
            "subnet_id": "subnet-0f9ae759cbd99f7b0",
            "tags": {
              "Name": "Apache-EFS-Reader"
            },
            "tags_all": {
              "Name": "Apache-EFS-Reader"
            },
            "tenancy": "default",
            "timeouts": null,
            "user_data": "#!/bin/bash\n# 1. Install EFS tools and Docker\nyum update -y\nyum install -y amazon-efs-utils python3-botocore docker\nsystemctl start docker\nsystemctl enable docker\n\n# 2. Setup EFS Mount Point\nmkdir -p /mnt/efs\n# Mount the existing EFS\nmount -t efs -o tls fs-09ca5ca1ae6c17890:/ /mnt/efs\n\n# 3. Run Apache (httpd) Container\n# Mapping the EFS to Apache's default htdocs folder\ndocker run -d -p 80:80 --name apache-server -v /mnt/efs:/usr/local/apache2/htdocs/:ro httpd\n",
            "user_data_base64": null,
            "user_data_replace_on_change": false,
            "volume_tags": null,
            "vpc_security_group_ids": [
              "sg-0b34e47b0ac112eed"
            ]
          },
          "sensitive_attributes": [],
          "identity_schema_version": 0,
          "identity": {
            "account_id": "519956516642",
            "id": "i-0d3ba2b60e881bded",
            "region": "us-east-1"
          },
          "private": "eyJlMmJmYjczMC1lY2FhLTExZTYtOGY4OC0zNDM2M2JjN2M0YzAiOnsiY3JlYXRlIjo2MDAwMDAwMDAwMDAsImRlbGV0ZSI6MTIwMDAwMDAwMDAwMCwicmVhZCI6OTAwMDAwMDAwMDAwLCJ1cGRhdGUiOjYwMDAwMDAwMDAwMH0sInNjaGVtYV92ZXJzaW9uIjoiMiJ9",
          "dependencies": [
            "module.NetInfra.aws_subnet.public_subnet",
            "module.NetInfra.aws_vpc.web_app",
            "module.WebAppsAndStorage.aws_efs_file_system.efs_resource",
            "module.WebAppsAndStorage.aws_efs_mount_target.mounting_point",
            "module.WebAppsAndStorage.aws_iam_instance_profile.ec2_profile",
            "module.WebAppsAndStorage.aws_iam_role.ec2_s3_access_role",
            "module.WebAppsAndStorage.aws_security_group.efs_sg",
            "module.WebAppsAndStorage.aws_security_group.web_servers_sg"
          ]
        }
      ]
    },
    {
      "module": "module.WebAppsAndStorage",
      "mode": "managed",
      "type": "aws_instance",
      "name": "web_app_server",
      "provider": "provider[\"registry.terraform.io/hashicorp/aws\"]",
      "instances": [
        {
          "schema_version": 2,
          "attributes": {
            "ami": "ami-0c101f26f147fa7fd",
            "arn": "arn:aws:ec2:us-east-1:519956516642:instance/i-0e5e4a8edecc66ae7",
            "associate_public_ip_address": true,
            "availability_zone": "us-east-1e",
            "capacity_reservation_specification": [
              {
                "capacity_reservation_preference": "open",
                "capacity_reservation_target": []
              }
            ],
            "cpu_options": [
              {
                "amd_sev_snp": "",
                "core_count": 1,
                "nested_virtualization": "",
                "threads_per_core": 1
              }
            ],
            "credit_specification": [
              {
                "cpu_credits": "standard"
              }
            ],
            "disable_api_stop": false,
            "disable_api_termination": false,
            "ebs_block_device": [],
            "ebs_optimized": false,
            "enable_primary_ipv6": null,
            "enclave_options": [
              {
                "enabled": false
              }
            ],
            "ephemeral_block_device": [],
            "force_destroy": false,
            "get_password_data": false,
            "hibernation": false,
            "host_id": "",
            "host_resource_group_arn": null,
            "iam_instance_profile": "ec2-s3-instance-profile",
            "id": "i-0e5e4a8edecc66ae7",
            "instance_initiated_shutdown_behavior": "stop",
            "instance_lifecycle": "",
            "instance_market_options": [],
            "instance_state": "running",
            "instance_type": "t2.micro",
            "ipv6_address_count": 0,
            "ipv6_addresses": [],
            "key_name": "",
            "launch_template": [],
            "maintenance_options": [
              {
                "auto_recovery": "default"
              }
            ],
            "metadata_options": [
              {
                "http_endpoint": "enabled",
                "http_protocol_ipv6": "disabled",
                "http_put_response_hop_limit": 2,
                "http_tokens": "required",
                "instance_metadata_tags": "disabled"
              }
            ],
            "monitoring": false,
            "network_interface": [],
            "outpost_arn": "",
            "password_data": "",
            "placement_group": "",
            "placement_group_id": "",
            "placement_partition_number": 0,
            "primary_network_interface": [
              {
                "delete_on_termination": true,
                "network_interface_id": "eni-0907aad8b3fe83031"
              }
            ],
            "primary_network_interface_id": "eni-0907aad8b3fe83031",
            "private_dns": "ip-10-0-1-135.ec2.internal",
            "private_dns_name_options": [
              {
                "enable_resource_name_dns_a_record": false,
                "enable_resource_name_dns_aaaa_record": false,
                "hostname_type": "ip-name"
              }
            ],
            "private_ip": "10.0.1.135",
            "public_dns": "ec2-54-237-5-178.compute-1.amazonaws.com",
            "public_ip": "54.237.5.178",
            "region": "us-east-1",
            "root_block_device": [
              {
                "delete_on_termination": true,
                "device_name": "/dev/xvda",
                "encrypted": false,
                "iops": 3000,
                "kms_key_id": "",
                "tags": {},
                "tags_all": {},
                "throughput": 125,
                "volume_id": "vol-010344141914612d5",
                "volume_size": 8,
                "volume_type": "gp3"
              }
            ],
            "secondary_network_interface": [],
            "secondary_private_ips": [],
            "security_groups": [],
            "source_dest_check": true,
            "spot_instance_request_id": "",
            "subnet_id": "subnet-0f9ae759cbd99f7b0",
            "tags": {
              "Name": "Web-App-Instance"
            },
            "tags_all": {
              "Name": "Web-App-Instance"
            },
            "tenancy": "default",
            "timeouts": null,
            "user_data": "#!/bin/bash\nyum update -y\nyum install -y amazon-efs-utils python3-botocore docker\nsystemctl start docker\nsystemctl enable docker\n\n# 2. Setup EFS Mount Point\nmkdir -p /mnt/efs\n# Mount the EFS (Using the EFS ID from your other resource)\nmount -t efs -o tls fs-09ca5ca1ae6c17890:/ /mnt/efs\n\n# 3. Pull Logo from S3 to EFS\naws s3 cp s3://s3-logo-bucket-67c3ca20-7f21-4f6e-915f-33c94d0e6530/logo.png /mnt/efs/logo.png\n\n# 4. Create the Index.html on the EFS\ncat \u003c\u003cHTML \u003e /mnt/efs/index.html\n\u003c!DOCTYPE html\u003e\n\u003chtml\u003e\n\u003chead\u003e\n    \u003ctitle\u003eWelcome to my App\u003c/title\u003e\n    \u003cstyle\u003e\n        body { font-family: sans-serif; text-align: center; padding-top: 50px; }\n        img { max-width: 300px; }\n    \u003c/style\u003e\n\u003c/head\u003e\n\u003cbody\u003e\n    \u003ch1\u003eHello from EC2 \u0026 EFS!\u003c/h1\u003e\n    \u003cimg src=\"logo.png\" alt=\"Company Logo\"\u003e\n    \u003cp\u003eThis page and the logo above are being served from a shared EFS volume.\u003c/p\u003e\n\u003c/body\u003e\n\u003c/html\u003e\nHTML\n\n# 5. Run Nginx Container\n# -v /mnt/efs:/usr/share/nginx/html maps your EFS to Nginx's web root\ndocker run -d -p 80:80 --name web-server -v /mnt/efs:/usr/share/nginx/html:ro nginx\n",
            "user_data_base64": null,
            "user_data_replace_on_change": false,
            "volume_tags": null,
            "vpc_security_group_ids": [
              "sg-0b34e47b0ac112eed"
            ]
          },
          "sensitive_attributes": [],
          "identity_schema_version": 0,
          "identity": {
            "account_id": "519956516642",
            "id": "i-0e5e4a8edecc66ae7",
            "region": "us-east-1"
          },
          "private": "eyJlMmJmYjczMC1lY2FhLTExZTYtOGY4OC0zNDM2M2JjN2M0YzAiOnsiY3JlYXRlIjo2MDAwMDAwMDAwMDAsImRlbGV0ZSI6MTIwMDAwMDAwMDAwMCwicmVhZCI6OTAwMDAwMDAwMDAwLCJ1cGRhdGUiOjYwMDAwMDAwMDAwMH0sInNjaGVtYV92ZXJzaW9uIjoiMiJ9",
          "dependencies": [
            "module.NetInfra.aws_subnet.public_subnet",
            "module.NetInfra.aws_vpc.web_app",
            "module.WebAppsAndStorage.aws_efs_file_system.efs_resource",
            "module.WebAppsAndStorage.aws_efs_mount_target.mounting_point",
            "module.WebAppsAndStorage.aws_iam_instance_profile.ec2_profile",
            "module.WebAppsAndStorage.aws_iam_role.ec2_s3_access_role",
            "module.WebAppsAndStorage.aws_s3_bucket.S3",
            "module.WebAppsAndStorage.aws_security_group.efs_sg",
            "module.WebAppsAndStorage.aws_security_group.web_servers_sg"
          ]
        }
      ]
    },
    {
      "module": "module.WebAppsAndStorage",
      "mode": "managed",
      "type": "aws_s3_bucket",
      "name": "S3",
      "provider": "provider[\"registry.terraform.io/hashicorp/aws\"]",
      "instances": [
        {
          "schema_version": 0,
          "attributes": {
            "acceleration_status": "",
            "acl": null,
            "arn": "arn:aws:s3:::s3-logo-bucket-67c3ca20-7f21-4f6e-915f-33c94d0e6530",
            "bucket": "s3-logo-bucket-67c3ca20-7f21-4f6e-915f-33c94d0e6530",
            "bucket_domain_name": "s3-logo-bucket-67c3ca20-7f21-4f6e-915f-33c94d0e6530.s3.amazonaws.com",
            "bucket_namespace": "global",
            "bucket_prefix": "",
            "bucket_region": "us-east-1",
            "bucket_regional_domain_name": "s3-logo-bucket-67c3ca20-7f21-4f6e-915f-33c94d0e6530.s3.us-east-1.amazonaws.com",
            "cors_rule": [],
            "force_destroy": false,
            "grant": [
              {
                "id": "8aaa63f384d9dfb573d2d2246ba1075b5b2083958259b2dd5d1cb29b3c34ba27",
                "permissions": [
                  "FULL_CONTROL"
                ],
                "type": "CanonicalUser",
                "uri": ""
              }
            ],
            "hosted_zone_id": "Z3AQBSTGFYJSTF",
            "id": "s3-logo-bucket-67c3ca20-7f21-4f6e-915f-33c94d0e6530",
            "lifecycle_rule": [],
            "logging": [],
            "object_lock_configuration": [],
            "object_lock_enabled": false,
            "policy": "",
            "region": "us-east-1",
            "replication_configuration": [],
            "request_payer": "BucketOwner",
            "server_side_encryption_configuration": [
              {
                "rule": [
                  {
                    "apply_server_side_encryption_by_default": [
                      {
                        "kms_master_key_id": "",
                        "sse_algorithm": "AES256"
                      }
                    ],
                    "bucket_key_enabled": false
                  }
                ]
              }
            ],
            "tags": {
              "Name": "The bucket"
            },
            "tags_all": {
              "Name": "The bucket"
            },
            "timeouts": null,
            "versioning": [
              {
                "enabled": false,
                "mfa_delete": false
              }
            ],
            "website": [],
            "website_domain": null,
            "website_endpoint": null
          },
          "sensitive_attributes": [],
          "identity_schema_version": 0,
          "identity": {
            "account_id": "519956516642",
            "bucket": "s3-logo-bucket-67c3ca20-7f21-4f6e-915f-33c94d0e6530",
            "region": "us-east-1"
          },
          "private": "eyJlMmJmYjczMC1lY2FhLTExZTYtOGY4OC0zNDM2M2JjN2M0YzAiOnsiY3JlYXRlIjoxMjAwMDAwMDAwMDAwLCJkZWxldGUiOjM2MDAwMDAwMDAwMDAsInJlYWQiOjEyMDAwMDAwMDAwMDAsInVwZGF0ZSI6MTIwMDAwMDAwMDAwMH19"
        }
      ]
    },
    {
      "module": "module.WebAppsAndStorage",
      "mode": "managed",
      "type": "aws_s3_object",
      "name": "logo_upload",
      "provider": "provider[\"registry.terraform.io/hashicorp/aws\"]",
      "instances": [
        {
          "schema_version": 0,
          "attributes": {
            "acl": null,
            "arn": "arn:aws:s3:::s3-logo-bucket-67c3ca20-7f21-4f6e-915f-33c94d0e6530/logo.png",
            "bucket": "s3-logo-bucket-67c3ca20-7f21-4f6e-915f-33c94d0e6530",
            "bucket_key_enabled": false,
            "cache_control": "",
            "checksum_algorithm": null,
            "checksum_crc32": "",
            "checksum_crc32c": "",
            "checksum_crc64nvme": "",
            "checksum_sha1": "",
            "checksum_sha256": "",
            "content": null,
            "content_base64": null,
            "content_disposition": "",
            "content_encoding": "",
            "content_language": "",
            "content_type": "image/png",
            "etag": "29842798387619a3d9a26782a6c310ee",
            "force_destroy": false,
            "id": "s3-logo-bucket-67c3ca20-7f21-4f6e-915f-33c94d0e6530/logo.png",
            "key": "logo.png",
            "kms_key_id": null,
            "metadata": {},
            "object_lock_legal_hold_status": "",
            "object_lock_mode": "",
            "object_lock_retain_until_date": "",
            "override_provider": [],
            "region": "us-east-1",
            "server_side_encryption": "AES256",
            "source": "./logo/logo.png",
            "source_hash": null,
            "storage_class": "STANDARD",
            "tags": {},
            "tags_all": {},
            "version_id": "",
            "website_redirect": ""
          },
          "sensitive_attributes": [],
          "identity_schema_version": 0,
          "identity": {
            "account_id": "519956516642",
            "bucket": "s3-logo-bucket-67c3ca20-7f21-4f6e-915f-33c94d0e6530",
            "key": "logo.png",
            "region": "us-east-1"
          },
          "private": "bnVsbA==",
          "dependencies": [
            "module.WebAppsAndStorage.aws_s3_bucket.S3"
          ]
        }
      ]
    },
    {
      "module": "module.WebAppsAndStorage",
      "mode": "managed",
      "type": "aws_security_group",
      "name": "efs_sg",
      "provider": "provider[\"registry.terraform.io/hashicorp/aws\"]",
      "instances": [
        {
          "schema_version": 1,
          "attributes": {
            "arn": "arn:aws:ec2:us-east-1:519956516642:security-group/sg-056f0249cf63e5e6d",
            "description": "Managed by Terraform",
            "egress": [
              {
                "cidr_blocks": [
                  "0.0.0.0/0"
                ],
                "description": "",
                "from_port": 0,
                "ipv6_cidr_blocks": [],
                "prefix_list_ids": [],
                "protocol": "-1",
                "security_groups": [],
                "self": false,
                "to_port": 0
              }
            ],
            "id": "sg-056f0249cf63e5e6d",
            "ingress": [
              {
                "cidr_blocks": [],
                "description": "",
                "from_port": 2049,
                "ipv6_cidr_blocks": [],
                "prefix_list_ids": [],
                "protocol": "tcp",
                "security_groups": [
                  "sg-0b34e47b0ac112eed"
                ],
                "self": false,
                "to_port": 2049
              }
            ],
            "name": "efs-storage-sg",
            "name_prefix": "",
            "owner_id": "519956516642",
            "region": "us-east-1",
            "revoke_rules_on_delete": false,
            "tags": {},
            "tags_all": {},
            "timeouts": null,
            "vpc_id": "vpc-08d5c95cd81afe5db"
          },
          "sensitive_attributes": [],
          "identity_schema_version": 0,
          "identity": {
            "account_id": "519956516642",
            "id": "sg-056f0249cf63e5e6d",
            "region": "us-east-1"
          },
          "private": "eyJlMmJmYjczMC1lY2FhLTExZTYtOGY4OC0zNDM2M2JjN2M0YzAiOnsiY3JlYXRlIjo2MDAwMDAwMDAwMDAsImRlbGV0ZSI6OTAwMDAwMDAwMDAwfSwic2NoZW1hX3ZlcnNpb24iOiIxIn0=",
          "dependencies": [
            "module.NetInfra.aws_vpc.web_app",
            "module.WebAppsAndStorage.aws_security_group.web_servers_sg"
          ]
        }
      ]
    },
    {
      "module": "module.WebAppsAndStorage",
      "mode": "managed",
      "type": "aws_security_group",
      "name": "web_servers_sg",
      "provider": "provider[\"registry.terraform.io/hashicorp/aws\"]",
      "instances": [
        {
          "schema_version": 1,
          "attributes": {
            "arn": "arn:aws:ec2:us-east-1:519956516642:security-group/sg-0b34e47b0ac112eed",
            "description": "Managed by Terraform",
            "egress": [
              {
                "cidr_blocks": [
                  "0.0.0.0/0"
                ],
                "description": "",
                "from_port": 0,
                "ipv6_cidr_blocks": [],
                "prefix_list_ids": [],
                "protocol": "-1",
                "security_groups": [],
                "self": false,
                "to_port": 0
              }
            ],
            "id": "sg-0b34e47b0ac112eed",
            "ingress": [
              {
                "cidr_blocks": [
                  "0.0.0.0/0"
                ],
                "description": "",
                "from_port": 22,
                "ipv6_cidr_blocks": [],
                "prefix_list_ids": [],
                "protocol": "tcp",
                "security_groups": [],
                "self": false,
                "to_port": 22
              },
              {
                "cidr_blocks": [
                  "0.0.0.0/0"
                ],
                "description": "",
                "from_port": 80,
                "ipv6_cidr_blocks": [],
                "prefix_list_ids": [],
                "protocol": "tcp",
                "security_groups": [],
                "self": false,
                "to_port": 80
              }
            ],
            "name": "web-servers-sg",
            "name_prefix": "",
            "owner_id": "519956516642",
            "region": "us-east-1",
            "revoke_rules_on_delete": false,
            "tags": {},
            "tags_all": {},
            "timeouts": null,
            "vpc_id": "vpc-08d5c95cd81afe5db"
          },
          "sensitive_attributes": [],
          "identity_schema_version": 0,
          "identity": {
            "account_id": "519956516642",
            "id": "sg-0b34e47b0ac112eed",
            "region": "us-east-1"
          },
          "private": "eyJlMmJmYjczMC1lY2FhLTExZTYtOGY4OC0zNDM2M2JjN2M0YzAiOnsiY3JlYXRlIjo2MDAwMDAwMDAwMDAsImRlbGV0ZSI6OTAwMDAwMDAwMDAwfSwic2NoZW1hX3ZlcnNpb24iOiIxIn0=",
          "dependencies": [
            "module.NetInfra.aws_vpc.web_app"
          ]
        }
      ]
    }
  ],
  "check_results": null
}
